
Microsoft Visual Studio Solution File, Format Version 12.00
# Visual Studio Version 17
VisualStudioVersion = 17.14.36221.1 d17.14
MinimumVisualStudioVersion = 10.0.40219.1
Project("{FAE04EC0-301F-11D3-BF4B-00C04F79EFBC}") = "onetomany", "onetomany\onetomany.csproj", "{8AB18584-BDAA-4517-B78B-60D4A2480814}"
EndProject
Global
	GlobalSection(SolutionConfigurationPlatforms) = preSolution
		Debug|Any CPU = Debug|Any CPU
		Release|Any CPU = Release|Any CPU
	EndGlobalSection
	GlobalSection(ProjectConfigurationPlatforms) = postSolution
		{8AB18584-BDAA-4517-B78B-60D4A2480814}.Debug|Any CPU.ActiveCfg = Debug|Any CPU
		{8AB18584-BDAA-4517-B78B-60D4A2480814}.Debug|Any CPU.Build.0 = Debug|Any CPU
		{8AB18584-BDAA-4517-B78B-60D4A2480814}.Release|Any CPU.ActiveCfg = Release|Any CPU
		{8AB18584-BDAA-4517-B78B-60D4A2480814}.Release|Any CPU.Build.0 = Release|Any CPU
	EndGlobalSection
	GlobalSection(SolutionProperties) = preSolution
		HideSolutionNode = FALSE
	EndGlobalSection
	GlobalSection(ExtensibilityGlobals) = postSolution
		SolutionGuid = {F4CD152D-CD75-4BE2-8DBF-169D6F0D0977}
	EndGlobalSection
EndGlobal
